
Microsoft Visual Studio Solution File, Format Version 12.00
# Visual Studio Version 16
VisualStudioVersion = 16.0.31410.357
MinimumVisualStudioVersion = 10.0.40219.1
Project("{FAE04EC0-301F-11D3-BF4B-00C04F79EFBC}") = "Cat_Pro", "Cat_Pro\Cat_Pro.csproj", "{6330AA91-453B-4692-BDC1-EEE5DD1BC571}"
EndProject
Global
	GlobalSection(SolutionConfigurationPlatforms) = preSolution
		Debug|Any CPU = Debug|Any CPU
		Release|Any CPU = Release|Any CPU
	EndGlobalSection
	GlobalSection(ProjectConfigurationPlatforms) = postSolution
		{6330AA91-453B-4692-BDC1-EEE5DD1BC571}.Debug|Any CPU.ActiveCfg = Debug|Any CPU
		{6330AA91-453B-4692-BDC1-EEE5DD1BC571}.Debug|Any CPU.Build.0 = Debug|Any CPU
		{6330AA91-453B-4692-BDC1-EEE5DD1BC571}.Release|Any CPU.ActiveCfg = Release|Any CPU
		{6330AA91-453B-4692-BDC1-EEE5DD1BC571}.Release|Any CPU.Build.0 = Release|Any CPU
	EndGlobalSection
	GlobalSection(SolutionProperties) = preSolution
		HideSolutionNode = FALSE
	EndGlobalSection
	GlobalSection(ExtensibilityGlobals) = postSolution
		SolutionGuid = {4404548F-704A-4D9C-A802-74416B3BE34B}
	EndGlobalSection
EndGlobal
